
Microsoft Visual Studio Solution File, Format Version 12.00
# Visual Studio 14
VisualStudioVersion = 14.0.25420.1
MinimumVisualStudioVersion = 10.0.40219.1
Project("{FAE04EC0-301F-11D3-BF4B-00C04F79EFBC}") = "ParkingLot", "ParkingLot.csproj", "{2E078087-FC9E-49BE-9EB8-0A976FBF0BF6}"
EndProject
Project("{FAE04EC0-301F-11D3-BF4B-00C04F79EFBC}") = "ParkingLotTest", "..\ParkingLotTest\ParkingLotTest.csproj", "{D2981FDD-4944-45C0-8976-2E7010B3749B}"
EndProject
Project("{FAE04EC0-301F-11D3-BF4B-00C04F79EFBC}") = "ParkingLot.Business", "..\ParkingLot.Business\ParkingLot.Business.csproj", "{8DD66186-FDE9-4373-8679-E55EEA00106D}"
EndProject
Project("{FAE04EC0-301F-11D3-BF4B-00C04F79EFBC}") = "ParkingLot.BusinessInterfaces", "..\ParkingLot.BusinessInterfaces\ParkingLot.BusinessInterfaces.csproj", "{4068A502-AB5E-49FB-AC54-F0239C8A6106}"
EndProject
Global
	GlobalSection(SolutionConfigurationPlatforms) = preSolution
		Debug|Any CPU = Debug|Any CPU
		Release|Any CPU = Release|Any CPU
	EndGlobalSection
	GlobalSection(ProjectConfigurationPlatforms) = postSolution
		{2E078087-FC9E-49BE-9EB8-0A976FBF0BF6}.Debug|Any CPU.ActiveCfg = Debug|Any CPU
		{2E078087-FC9E-49BE-9EB8-0A976FBF0BF6}.Debug|Any CPU.Build.0 = Debug|Any CPU
		{2E078087-FC9E-49BE-9EB8-0A976FBF0BF6}.Release|Any CPU.ActiveCfg = Release|Any CPU
		{2E078087-FC9E-49BE-9EB8-0A976FBF0BF6}.Release|Any CPU.Build.0 = Release|Any CPU
		{D2981FDD-4944-45C0-8976-2E7010B3749B}.Debug|Any CPU.ActiveCfg = Debug|Any CPU
		{D2981FDD-4944-45C0-8976-2E7010B3749B}.Debug|Any CPU.Build.0 = Debug|Any CPU
		{D2981FDD-4944-45C0-8976-2E7010B3749B}.Release|Any CPU.ActiveCfg = Release|Any CPU
		{D2981FDD-4944-45C0-8976-2E7010B3749B}.Release|Any CPU.Build.0 = Release|Any CPU
		{8DD66186-FDE9-4373-8679-E55EEA00106D}.Debug|Any CPU.ActiveCfg = Debug|Any CPU
		{8DD66186-FDE9-4373-8679-E55EEA00106D}.Debug|Any CPU.Build.0 = Debug|Any CPU
		{8DD66186-FDE9-4373-8679-E55EEA00106D}.Release|Any CPU.ActiveCfg = Release|Any CPU
		{8DD66186-FDE9-4373-8679-E55EEA00106D}.Release|Any CPU.Build.0 = Release|Any CPU
		{4068A502-AB5E-49FB-AC54-F0239C8A6106}.Debug|Any CPU.ActiveCfg = Debug|Any CPU
		{4068A502-AB5E-49FB-AC54-F0239C8A6106}.Debug|Any CPU.Build.0 = Debug|Any CPU
		{4068A502-AB5E-49FB-AC54-F0239C8A6106}.Release|Any CPU.ActiveCfg = Release|Any CPU
		{4068A502-AB5E-49FB-AC54-F0239C8A6106}.Release|Any CPU.Build.0 = Release|Any CPU
	EndGlobalSection
	GlobalSection(SolutionProperties) = preSolution
		HideSolutionNode = FALSE
	EndGlobalSection
EndGlobal
